
Microsoft Visual Studio Solution File, Format Version 12.00
# Visual Studio Version 16
VisualStudioVersion = 16.0.31129.286
MinimumVisualStudioVersion = 10.0.40219.1
Project("{FAE04EC0-301F-11D3-BF4B-00C04F79EFBC}") = "DokerizedApp", "DokerizedApp\DokerizedApp.csproj", "{047098CD-DA94-480F-9335-35E0B6CD3145}"
EndProject
Global
	GlobalSection(SolutionConfigurationPlatforms) = preSolution
		Debug|Any CPU = Debug|Any CPU
		Release|Any CPU = Release|Any CPU
	EndGlobalSection
	GlobalSection(ProjectConfigurationPlatforms) = postSolution
		{047098CD-DA94-480F-9335-35E0B6CD3145}.Debug|Any CPU.ActiveCfg = Debug|Any CPU
		{047098CD-DA94-480F-9335-35E0B6CD3145}.Debug|Any CPU.Build.0 = Debug|Any CPU
		{047098CD-DA94-480F-9335-35E0B6CD3145}.Release|Any CPU.ActiveCfg = Release|Any CPU
		{047098CD-DA94-480F-9335-35E0B6CD3145}.Release|Any CPU.Build.0 = Release|Any CPU
	EndGlobalSection
	GlobalSection(SolutionProperties) = preSolution
		HideSolutionNode = FALSE
	EndGlobalSection
	GlobalSection(ExtensibilityGlobals) = postSolution
		SolutionGuid = {413A01C6-F137-43D4-9F48-77B0C263DD23}
	EndGlobalSection
EndGlobal
